
Microsoft Visual Studio Solution File, Format Version 12.00
# Visual Studio Version 17
VisualStudioVersion = 17.8.34601.278
MinimumVisualStudioVersion = 10.0.40219.1
Project("{FAE04EC0-301F-11D3-BF4B-00C04F79EFBC}") = "While", "While.csproj", "{F606D652-BF8C-4763-8419-DFF4532C35BF}"
EndProject
Global
	GlobalSection(SolutionConfigurationPlatforms) = preSolution
		Debug|Any CPU = Debug|Any CPU
		Release|Any CPU = Release|Any CPU
	EndGlobalSection
	GlobalSection(ProjectConfigurationPlatforms) = postSolution
		{F606D652-BF8C-4763-8419-DFF4532C35BF}.Debug|Any CPU.ActiveCfg = Debug|Any CPU
		{F606D652-BF8C-4763-8419-DFF4532C35BF}.Debug|Any CPU.Build.0 = Debug|Any CPU
		{F606D652-BF8C-4763-8419-DFF4532C35BF}.Release|Any CPU.ActiveCfg = Release|Any CPU
		{F606D652-BF8C-4763-8419-DFF4532C35BF}.Release|Any CPU.Build.0 = Release|Any CPU
	EndGlobalSection
	GlobalSection(SolutionProperties) = preSolution
		HideSolutionNode = FALSE
	EndGlobalSection
	GlobalSection(ExtensibilityGlobals) = postSolution
		SolutionGuid = {ECC3EE6E-7ADC-4FF0-A119-5550F8083195}
	EndGlobalSection
EndGlobal
